
Microsoft Visual Studio Solution File, Format Version 12.00
# Visual Studio Express 2012 for Web
Project("{FAE04EC0-301F-11D3-BF4B-00C04F79EFBC}") = "Artemis-Galaxy", "Artemis-Galaxy\Artemis-Galaxy.csproj", "{7571F681-DD72-49A5-AA9D-6E5CC437BA3C}"
EndProject
Project("{FAE04EC0-301F-11D3-BF4B-00C04F79EFBC}") = "ArtemisGalaxy.GameEngine", "ArtemisGalaxy.GameEngine\ArtemisGalaxy.GameEngine.csproj", "{F7A636CB-320A-4A0A-B3F5-F8D9E6FA7821}"
EndProject
Global
	GlobalSection(SolutionConfigurationPlatforms) = preSolution
		Debug|Any CPU = Debug|Any CPU
		Release|Any CPU = Release|Any CPU
	EndGlobalSection
	GlobalSection(ProjectConfigurationPlatforms) = postSolution
		{7571F681-DD72-49A5-AA9D-6E5CC437BA3C}.Debug|Any CPU.ActiveCfg = Debug|Any CPU
		{7571F681-DD72-49A5-AA9D-6E5CC437BA3C}.Debug|Any CPU.Build.0 = Debug|Any CPU
		{7571F681-DD72-49A5-AA9D-6E5CC437BA3C}.Release|Any CPU.ActiveCfg = Release|Any CPU
		{7571F681-DD72-49A5-AA9D-6E5CC437BA3C}.Release|Any CPU.Build.0 = Release|Any CPU
		{F7A636CB-320A-4A0A-B3F5-F8D9E6FA7821}.Debug|Any CPU.ActiveCfg = Debug|Any CPU
		{F7A636CB-320A-4A0A-B3F5-F8D9E6FA7821}.Debug|Any CPU.Build.0 = Debug|Any CPU
		{F7A636CB-320A-4A0A-B3F5-F8D9E6FA7821}.Release|Any CPU.ActiveCfg = Release|Any CPU
		{F7A636CB-320A-4A0A-B3F5-F8D9E6FA7821}.Release|Any CPU.Build.0 = Release|Any CPU
	EndGlobalSection
	GlobalSection(SolutionProperties) = preSolution
		HideSolutionNode = FALSE
	EndGlobalSection
EndGlobal
